
Microsoft Visual Studio Solution File, Format Version 12.00
# Visual Studio Version 17
VisualStudioVersion = 17.9.34723.18
MinimumVisualStudioVersion = 10.0.40219.1
Project("{9A19103F-16F7-4668-BE54-9A1E7A4F7556}") = "Fastorant.Host", "Fastorant.Host\Fastorant.Host.csproj", "{41DDC354-6720-4B46-9409-7A8A2DF080AB}"
EndProject
Project("{2150E333-8FDC-42A3-9474-1A3956D46DE8}") = "API", "API", "{E560EC86-1109-4773-AEE2-F7910A0E8C75}"
EndProject
Project("{9A19103F-16F7-4668-BE54-9A1E7A4F7556}") = "Fastorant.Infrastructure", "API\Fastorant.Infrastructure\Fastorant.Infrastructure.csproj", "{680E5BF4-207E-4500-838A-37E2AA23A9CA}"
EndProject
Project("{9A19103F-16F7-4668-BE54-9A1E7A4F7556}") = "Fastorant.Business", "API\Fastorant.Business\Fastorant.Business.csproj", "{1BEEC457-B458-4E1B-AB85-D547CD9B980D}"
EndProject
Global
	GlobalSection(SolutionConfigurationPlatforms) = preSolution
		Debug|Any CPU = Debug|Any CPU
		Release|Any CPU = Release|Any CPU
	EndGlobalSection
	GlobalSection(ProjectConfigurationPlatforms) = postSolution
		{41DDC354-6720-4B46-9409-7A8A2DF080AB}.Debug|Any CPU.ActiveCfg = Debug|Any CPU
		{41DDC354-6720-4B46-9409-7A8A2DF080AB}.Debug|Any CPU.Build.0 = Debug|Any CPU
		{41DDC354-6720-4B46-9409-7A8A2DF080AB}.Release|Any CPU.ActiveCfg = Release|Any CPU
		{41DDC354-6720-4B46-9409-7A8A2DF080AB}.Release|Any CPU.Build.0 = Release|Any CPU
		{680E5BF4-207E-4500-838A-37E2AA23A9CA}.Debug|Any CPU.ActiveCfg = Debug|Any CPU
		{680E5BF4-207E-4500-838A-37E2AA23A9CA}.Debug|Any CPU.Build.0 = Debug|Any CPU
		{680E5BF4-207E-4500-838A-37E2AA23A9CA}.Release|Any CPU.ActiveCfg = Release|Any CPU
		{680E5BF4-207E-4500-838A-37E2AA23A9CA}.Release|Any CPU.Build.0 = Release|Any CPU
		{1BEEC457-B458-4E1B-AB85-D547CD9B980D}.Debug|Any CPU.ActiveCfg = Debug|Any CPU
		{1BEEC457-B458-4E1B-AB85-D547CD9B980D}.Debug|Any CPU.Build.0 = Debug|Any CPU
		{1BEEC457-B458-4E1B-AB85-D547CD9B980D}.Release|Any CPU.ActiveCfg = Release|Any CPU
		{1BEEC457-B458-4E1B-AB85-D547CD9B980D}.Release|Any CPU.Build.0 = Release|Any CPU
	EndGlobalSection
	GlobalSection(SolutionProperties) = preSolution
		HideSolutionNode = FALSE
	EndGlobalSection
	GlobalSection(NestedProjects) = preSolution
		{680E5BF4-207E-4500-838A-37E2AA23A9CA} = {E560EC86-1109-4773-AEE2-F7910A0E8C75}
		{1BEEC457-B458-4E1B-AB85-D547CD9B980D} = {E560EC86-1109-4773-AEE2-F7910A0E8C75}
	EndGlobalSection
	GlobalSection(ExtensibilityGlobals) = postSolution
		SolutionGuid = {22FB3665-852C-438B-AB36-5A6FB97B6D2E}
	EndGlobalSection
EndGlobal
